
Microsoft Visual Studio Solution File, Format Version 12.00
Project("{2150E333-8FDC-42A3-9474-1A3956D46DE8}") = "(Solution Items)", "(Solution Items)", "{2C797D14-0818-4DA2-9A25-22876B790CC2}"
ProjectSection(SolutionItems) = preProject
	Shared.props = Shared.props
	README.md = README.md
	.gitignore = .gitignore
	LICENSE.md = LICENSE.md
	Tests.props = Tests.props
EndProjectSection
EndProject
Project("{2150E333-8FDC-42A3-9474-1A3956D46DE8}") = "Shared Code", "Shared Code", "{2E960A52-CEA1-4F1B-8059-64EA1FAE11A8}"
ProjectSection(SolutionItems) = preProject
	src\JetBrainsAnnotations.cs = src\JetBrainsAnnotations.cs
	src\SharedPreconditions.cs = src\SharedPreconditions.cs
	tests\SharedTestCase.cs = tests\SharedTestCase.cs
EndProjectSection
EndProject
Project("{FAE04EC0-301F-11D3-BF4B-00C04F79EFBC}") = "Amazon.StepFunction.Runtime", "src\Amazon.StepFunction.Runtime\Amazon.StepFunction.Runtime.csproj", "{1B452A10-3C30-4336-A8A3-B3EC1C42815F}"
EndProject
Project("{FAE04EC0-301F-11D3-BF4B-00C04F79EFBC}") = "Amazon.StepFunction.Runtime.Example", "examples\Amazon.StepFunction.Runtime.Example\Amazon.StepFunction.Runtime.Example.csproj", "{8C674A44-229F-46F2-9ED9-86CC9A389DAD}"
EndProject
Project("{2150E333-8FDC-42A3-9474-1A3956D46DE8}") = "Examples", "Examples", "{17937E10-36A8-443E-BE71-D0083863D446}"
EndProject
Project("{2150E333-8FDC-42A3-9474-1A3956D46DE8}") = "Tests", "Tests", "{043A47DD-CC4B-4A63-AE60-1354AE2D4B6A}"
EndProject
Project("{FAE04EC0-301F-11D3-BF4B-00C04F79EFBC}") = "Amazon.StepFunction.Runtime.Tests", "tests\Amazon.StepFunction.Runtime.Tests\Amazon.StepFunction.Runtime.Tests.csproj", "{B6D92563-7BA4-43FF-8790-62BA2908A261}"
EndProject
Global
	GlobalSection(SolutionConfigurationPlatforms) = preSolution
		Debug|Any CPU = Debug|Any CPU
		Release|Any CPU = Release|Any CPU
	EndGlobalSection
	GlobalSection(NestedProjects) = preSolution
		{2E960A52-CEA1-4F1B-8059-64EA1FAE11A8} = {2C797D14-0818-4DA2-9A25-22876B790CC2}
		{8C674A44-229F-46F2-9ED9-86CC9A389DAD} = {17937E10-36A8-443E-BE71-D0083863D446}
		{B6D92563-7BA4-43FF-8790-62BA2908A261} = {043A47DD-CC4B-4A63-AE60-1354AE2D4B6A}
	EndGlobalSection
	GlobalSection(ProjectConfigurationPlatforms) = postSolution
		{1B452A10-3C30-4336-A8A3-B3EC1C42815F}.Debug|Any CPU.ActiveCfg = Debug|Any CPU
		{1B452A10-3C30-4336-A8A3-B3EC1C42815F}.Debug|Any CPU.Build.0 = Debug|Any CPU
		{1B452A10-3C30-4336-A8A3-B3EC1C42815F}.Release|Any CPU.ActiveCfg = Release|Any CPU
		{1B452A10-3C30-4336-A8A3-B3EC1C42815F}.Release|Any CPU.Build.0 = Release|Any CPU
		{8C674A44-229F-46F2-9ED9-86CC9A389DAD}.Debug|Any CPU.ActiveCfg = Debug|Any CPU
		{8C674A44-229F-46F2-9ED9-86CC9A389DAD}.Debug|Any CPU.Build.0 = Debug|Any CPU
		{8C674A44-229F-46F2-9ED9-86CC9A389DAD}.Release|Any CPU.ActiveCfg = Release|Any CPU
		{8C674A44-229F-46F2-9ED9-86CC9A389DAD}.Release|Any CPU.Build.0 = Release|Any CPU
		{B6D92563-7BA4-43FF-8790-62BA2908A261}.Debug|Any CPU.ActiveCfg = Debug|Any CPU
		{B6D92563-7BA4-43FF-8790-62BA2908A261}.Debug|Any CPU.Build.0 = Debug|Any CPU
		{B6D92563-7BA4-43FF-8790-62BA2908A261}.Release|Any CPU.ActiveCfg = Release|Any CPU
		{B6D92563-7BA4-43FF-8790-62BA2908A261}.Release|Any CPU.Build.0 = Release|Any CPU
	EndGlobalSection
EndGlobal
