
Microsoft Visual Studio Solution File, Format Version 12.00
Project("{2150E333-8FDC-42A3-9474-1A3956D46DE8}") = "(Solution Items)", "(Solution Items)", "{2C797D14-0818-4DA2-9A25-22876B790CC2}"
ProjectSection(SolutionItems) = preProject
	Shared.props = Shared.props
	README.md = README.md
	.gitignore = .gitignore
	LICENSE.md = LICENSE.md
	Tests.props = Tests.props
	nuget.config = nuget.config
EndProjectSection
EndProject
Project("{2150E333-8FDC-42A3-9474-1A3956D46DE8}") = "Shared Code", "Shared Code", "{2E960A52-CEA1-4F1B-8059-64EA1FAE11A8}"
ProjectSection(SolutionItems) = preProject
	src\JetBrainsAnnotations.cs = src\JetBrainsAnnotations.cs
	src\SharedPreconditions.cs = src\SharedPreconditions.cs
	tests\SharedTestCase.cs = tests\SharedTestCase.cs
EndProjectSection
EndProject
Project("{2150E333-8FDC-42A3-9474-1A3956D46DE8}") = "Examples", "Examples", "{17937E10-36A8-443E-BE71-D0083863D446}"
EndProject
Project("{2150E333-8FDC-42A3-9474-1A3956D46DE8}") = "Tests", "Tests", "{043A47DD-CC4B-4A63-AE60-1354AE2D4B6A}"
EndProject
Project("{FAE04EC0-301F-11D3-BF4B-00C04F79EFBC}") = "Amazon.StepFunction.Host", "src\Amazon.StepFunction.Host\Amazon.StepFunction.Host.csproj", "{AC821CFF-2BA4-4AD8-ACFB-4B9D5F07478D}"
EndProject
Project("{FAE04EC0-301F-11D3-BF4B-00C04F79EFBC}") = "Amazon.StepFunction.Host.Tests", "tests\Amazon.StepFunction.Host.Tests\Amazon.StepFunction.Host.Tests.csproj", "{034B9094-5AC6-4AA7-832A-DFD547D6529D}"
EndProject
Project("{FAE04EC0-301F-11D3-BF4B-00C04F79EFBC}") = "Amazon.StepFunction.Host.Example", "examples\Amazon.StepFunction.Host.Example\Amazon.StepFunction.Host.Example.csproj", "{6C4F7B87-0ADA-480D-AFEA-5AB88C3F9B3D}"
EndProject
Project("{FAE04EC0-301F-11D3-BF4B-00C04F79EFBC}") = "Amazon.StepFunction.Host.Example.Tests", "examples\Amazon.StepFunction.Host.Example.Tests\Amazon.StepFunction.Host.Example.Tests.csproj", "{B3FD3861-5A65-4828-A4AB-C4222C0F7949}"
EndProject
Global
	GlobalSection(SolutionConfigurationPlatforms) = preSolution
		Debug|Any CPU = Debug|Any CPU
		Release|Any CPU = Release|Any CPU
	EndGlobalSection
	GlobalSection(NestedProjects) = preSolution
		{2E960A52-CEA1-4F1B-8059-64EA1FAE11A8} = {2C797D14-0818-4DA2-9A25-22876B790CC2}
		{034B9094-5AC6-4AA7-832A-DFD547D6529D} = {043A47DD-CC4B-4A63-AE60-1354AE2D4B6A}
		{6C4F7B87-0ADA-480D-AFEA-5AB88C3F9B3D} = {17937E10-36A8-443E-BE71-D0083863D446}
		{B3FD3861-5A65-4828-A4AB-C4222C0F7949} = {17937E10-36A8-443E-BE71-D0083863D446}
	EndGlobalSection
	GlobalSection(ProjectConfigurationPlatforms) = postSolution
		{AC821CFF-2BA4-4AD8-ACFB-4B9D5F07478D}.Debug|Any CPU.ActiveCfg = Debug|Any CPU
		{AC821CFF-2BA4-4AD8-ACFB-4B9D5F07478D}.Debug|Any CPU.Build.0 = Debug|Any CPU
		{AC821CFF-2BA4-4AD8-ACFB-4B9D5F07478D}.Release|Any CPU.ActiveCfg = Release|Any CPU
		{AC821CFF-2BA4-4AD8-ACFB-4B9D5F07478D}.Release|Any CPU.Build.0 = Release|Any CPU
		{034B9094-5AC6-4AA7-832A-DFD547D6529D}.Debug|Any CPU.ActiveCfg = Debug|Any CPU
		{034B9094-5AC6-4AA7-832A-DFD547D6529D}.Debug|Any CPU.Build.0 = Debug|Any CPU
		{034B9094-5AC6-4AA7-832A-DFD547D6529D}.Release|Any CPU.ActiveCfg = Release|Any CPU
		{034B9094-5AC6-4AA7-832A-DFD547D6529D}.Release|Any CPU.Build.0 = Release|Any CPU
		{6C4F7B87-0ADA-480D-AFEA-5AB88C3F9B3D}.Debug|Any CPU.ActiveCfg = Debug|Any CPU
		{6C4F7B87-0ADA-480D-AFEA-5AB88C3F9B3D}.Debug|Any CPU.Build.0 = Debug|Any CPU
		{6C4F7B87-0ADA-480D-AFEA-5AB88C3F9B3D}.Release|Any CPU.ActiveCfg = Release|Any CPU
		{6C4F7B87-0ADA-480D-AFEA-5AB88C3F9B3D}.Release|Any CPU.Build.0 = Release|Any CPU
		{B3FD3861-5A65-4828-A4AB-C4222C0F7949}.Debug|Any CPU.ActiveCfg = Debug|Any CPU
		{B3FD3861-5A65-4828-A4AB-C4222C0F7949}.Debug|Any CPU.Build.0 = Debug|Any CPU
		{B3FD3861-5A65-4828-A4AB-C4222C0F7949}.Release|Any CPU.ActiveCfg = Release|Any CPU
		{B3FD3861-5A65-4828-A4AB-C4222C0F7949}.Release|Any CPU.Build.0 = Release|Any CPU
	EndGlobalSection
EndGlobal
